
Microsoft Visual Studio Solution File, Format Version 12.00
# Visual Studio 15
VisualStudioVersion = 15.0.27703.2035
MinimumVisualStudioVersion = 10.0.40219.1
Project("{FAE04EC0-301F-11D3-BF4B-00C04F79EFBC}") = "LearningWPFApp1", "LearningWPFApp1\LearningWPFApp1.csproj", "{B7BE4C8E-9A33-4A5F-9240-548F9F55DECA}"
EndProject
Global
	GlobalSection(SolutionConfigurationPlatforms) = preSolution
		Debug|Any CPU = Debug|Any CPU
		Release|Any CPU = Release|Any CPU
	EndGlobalSection
	GlobalSection(ProjectConfigurationPlatforms) = postSolution
		{B7BE4C8E-9A33-4A5F-9240-548F9F55DECA}.Debug|Any CPU.ActiveCfg = Debug|Any CPU
		{B7BE4C8E-9A33-4A5F-9240-548F9F55DECA}.Debug|Any CPU.Build.0 = Debug|Any CPU
		{B7BE4C8E-9A33-4A5F-9240-548F9F55DECA}.Release|Any CPU.ActiveCfg = Release|Any CPU
		{B7BE4C8E-9A33-4A5F-9240-548F9F55DECA}.Release|Any CPU.Build.0 = Release|Any CPU
	EndGlobalSection
	GlobalSection(SolutionProperties) = preSolution
		HideSolutionNode = FALSE
	EndGlobalSection
	GlobalSection(ExtensibilityGlobals) = postSolution
		SolutionGuid = {D6C3118D-7BF4-46F2-A36F-81E5EDD3E030}
	EndGlobalSection
EndGlobal
