
Microsoft Visual Studio Solution File, Format Version 9.00
# Visual Studio 2005
Project("{FAE04EC0-301F-11D3-BF4B-00C04F79EFBC}") = "RichContent", "RichContent\RichContent.csproj", "{CF770314-B537-4045-A1BF-9EA2D44A2CF0}"
EndProject
Global
	GlobalSection(SolutionConfigurationPlatforms) = preSolution
		Debug|Any CPU = Debug|Any CPU
		Release|Any CPU = Release|Any CPU
	EndGlobalSection
	GlobalSection(ProjectConfigurationPlatforms) = postSolution
		{CF770314-B537-4045-A1BF-9EA2D44A2CF0}.Debug|Any CPU.ActiveCfg = Debug|Any CPU
		{CF770314-B537-4045-A1BF-9EA2D44A2CF0}.Debug|Any CPU.Build.0 = Debug|Any CPU
		{CF770314-B537-4045-A1BF-9EA2D44A2CF0}.Release|Any CPU.ActiveCfg = Release|Any CPU
		{CF770314-B537-4045-A1BF-9EA2D44A2CF0}.Release|Any CPU.Build.0 = Release|Any CPU
	EndGlobalSection
	GlobalSection(SolutionProperties) = preSolution
		HideSolutionNode = FALSE
	EndGlobalSection
EndGlobal
