
Microsoft Visual Studio Solution File, Format Version 12.00
# Visual Studio 15
VisualStudioVersion = 15.0.27703.2035
MinimumVisualStudioVersion = 10.0.40219.1
Project("{FAE04EC0-301F-11D3-BF4B-00C04F79EFBC}") = "UnderstandingTasksApp", "UnderstandingTasksApp\UnderstandingTasksApp.csproj", "{28768FE1-3FE6-46C6-812C-EAE411D1470B}"
EndProject
Global
	GlobalSection(SolutionConfigurationPlatforms) = preSolution
		Debug|Any CPU = Debug|Any CPU
		Release|Any CPU = Release|Any CPU
	EndGlobalSection
	GlobalSection(ProjectConfigurationPlatforms) = postSolution
		{28768FE1-3FE6-46C6-812C-EAE411D1470B}.Debug|Any CPU.ActiveCfg = Debug|Any CPU
		{28768FE1-3FE6-46C6-812C-EAE411D1470B}.Debug|Any CPU.Build.0 = Debug|Any CPU
		{28768FE1-3FE6-46C6-812C-EAE411D1470B}.Release|Any CPU.ActiveCfg = Release|Any CPU
		{28768FE1-3FE6-46C6-812C-EAE411D1470B}.Release|Any CPU.Build.0 = Release|Any CPU
	EndGlobalSection
	GlobalSection(SolutionProperties) = preSolution
		HideSolutionNode = FALSE
	EndGlobalSection
	GlobalSection(ExtensibilityGlobals) = postSolution
		SolutionGuid = {0F3B7EB8-DA6E-4466-B0BF-5C57C2C09342}
	EndGlobalSection
EndGlobal
