
Microsoft Visual Studio Solution File, Format Version 12.00
# Visual Studio 15
VisualStudioVersion = 15.0.27703.2035
MinimumVisualStudioVersion = 10.0.40219.1
Project("{FAE04EC0-301F-11D3-BF4B-00C04F79EFBC}") = "BasicCommandsApp", "BasicCommandsApp\BasicCommandsApp.csproj", "{3EC53E02-A259-4735-82A3-81F1E6EC2541}"
EndProject
Project("{FAE04EC0-301F-11D3-BF4B-00C04F79EFBC}") = "CommandsLibrary", "CommandsLibrary\CommandsLibrary.csproj", "{9220AD25-286C-484F-8F7B-549C33625C50}"
EndProject
Global
	GlobalSection(SolutionConfigurationPlatforms) = preSolution
		Debug|Any CPU = Debug|Any CPU
		Release|Any CPU = Release|Any CPU
	EndGlobalSection
	GlobalSection(ProjectConfigurationPlatforms) = postSolution
		{3EC53E02-A259-4735-82A3-81F1E6EC2541}.Debug|Any CPU.ActiveCfg = Debug|Any CPU
		{3EC53E02-A259-4735-82A3-81F1E6EC2541}.Debug|Any CPU.Build.0 = Debug|Any CPU
		{3EC53E02-A259-4735-82A3-81F1E6EC2541}.Release|Any CPU.ActiveCfg = Release|Any CPU
		{3EC53E02-A259-4735-82A3-81F1E6EC2541}.Release|Any CPU.Build.0 = Release|Any CPU
		{9220AD25-286C-484F-8F7B-549C33625C50}.Debug|Any CPU.ActiveCfg = Debug|Any CPU
		{9220AD25-286C-484F-8F7B-549C33625C50}.Debug|Any CPU.Build.0 = Debug|Any CPU
		{9220AD25-286C-484F-8F7B-549C33625C50}.Release|Any CPU.ActiveCfg = Release|Any CPU
		{9220AD25-286C-484F-8F7B-549C33625C50}.Release|Any CPU.Build.0 = Release|Any CPU
	EndGlobalSection
	GlobalSection(SolutionProperties) = preSolution
		HideSolutionNode = FALSE
	EndGlobalSection
	GlobalSection(ExtensibilityGlobals) = postSolution
		SolutionGuid = {AD6B88B5-A3D3-4E60-A5CD-D2358C24DA2C}
	EndGlobalSection
EndGlobal
