
Microsoft Visual Studio Solution File, Format Version 12.00
# Visual Studio 15
VisualStudioVersion = 15.0.27703.2035
MinimumVisualStudioVersion = 10.0.40219.1
Project("{FAE04EC0-301F-11D3-BF4B-00C04F79EFBC}") = "LearningDepProps", "LearningDepProps\LearningDepProps.csproj", "{AD73F43D-943B-4567-A076-C064DDF839CC}"
EndProject
Global
	GlobalSection(SolutionConfigurationPlatforms) = preSolution
		Debug|Any CPU = Debug|Any CPU
		Release|Any CPU = Release|Any CPU
	EndGlobalSection
	GlobalSection(ProjectConfigurationPlatforms) = postSolution
		{AD73F43D-943B-4567-A076-C064DDF839CC}.Debug|Any CPU.ActiveCfg = Debug|Any CPU
		{AD73F43D-943B-4567-A076-C064DDF839CC}.Debug|Any CPU.Build.0 = Debug|Any CPU
		{AD73F43D-943B-4567-A076-C064DDF839CC}.Release|Any CPU.ActiveCfg = Release|Any CPU
		{AD73F43D-943B-4567-A076-C064DDF839CC}.Release|Any CPU.Build.0 = Release|Any CPU
	EndGlobalSection
	GlobalSection(SolutionProperties) = preSolution
		HideSolutionNode = FALSE
	EndGlobalSection
	GlobalSection(ExtensibilityGlobals) = postSolution
		SolutionGuid = {8DC4AF7C-120B-43AC-B805-50C451523BED}
	EndGlobalSection
EndGlobal
