
Microsoft Visual Studio Solution File, Format Version 12.00
# Visual Studio 15
VisualStudioVersion = 15.0.27703.2035
MinimumVisualStudioVersion = 10.0.40219.1
Project("{2150E333-8FDC-42A3-9474-1A3956D46DE8}") = "Common", "Common", "{684B0D09-FEA9-4D20-947A-12D9075719F1}"
EndProject
Project("{2150E333-8FDC-42A3-9474-1A3956D46DE8}") = "Models", "Models", "{DCB0ED39-7D3C-4A13-A6DD-3119310929DB}"
EndProject
Project("{2150E333-8FDC-42A3-9474-1A3956D46DE8}") = "Data Access Layer", "Data Access Layer", "{00E7BAB7-378F-47EE-903A-97417C3D977E}"
EndProject
Project("{2150E333-8FDC-42A3-9474-1A3956D46DE8}") = "Interfaces", "Interfaces", "{DB51051C-CC06-4EA1-8664-1D7B375311B7}"
EndProject
Project("{2150E333-8FDC-42A3-9474-1A3956D46DE8}") = "Implementations", "Implementations", "{3640ED83-0AB6-46AB-933D-2B1F772129AF}"
EndProject
Project("{2150E333-8FDC-42A3-9474-1A3956D46DE8}") = "Business Components Layer", "Business Components Layer", "{2B882D80-6B51-44AC-B828-987DC77BE544}"
EndProject
Project("{2150E333-8FDC-42A3-9474-1A3956D46DE8}") = "Interfaces", "Interfaces", "{05947F7D-9AF8-465C-A8FE-25DCCFBB6AAE}"
EndProject
Project("{2150E333-8FDC-42A3-9474-1A3956D46DE8}") = "Implementations", "Implementations", "{6CD75826-A297-4AB1-98A9-0AF1F47CFB36}"
EndProject
Project("{2150E333-8FDC-42A3-9474-1A3956D46DE8}") = "Presentation Layer", "Presentation Layer", "{B534441C-6D5D-4C95-98D5-FAD0740AC6F6}"
EndProject
Project("{2150E333-8FDC-42A3-9474-1A3956D46DE8}") = "Framework", "Framework", "{39D7C464-9617-4E41-A91A-CFD2911C66B1}"
EndProject
Project("{2150E333-8FDC-42A3-9474-1A3956D46DE8}") = "View Components", "View Components", "{8634E4DA-F5D7-4881-A622-2CE31A146E55}"
EndProject
Project("{2150E333-8FDC-42A3-9474-1A3956D46DE8}") = "Views", "Views", "{8149C7C1-0C41-4FF8-A26F-D51A24CB1A0B}"
EndProject
Project("{2150E333-8FDC-42A3-9474-1A3956D46DE8}") = "Applications", "Applications", "{1114DB9F-76ED-4D03-B591-31E100765DC1}"
EndProject
Project("{2150E333-8FDC-42A3-9474-1A3956D46DE8}") = "View Models", "View Models", "{CD02E8E2-AD7D-4136-A85F-14B874CA283D}"
EndProject
Project("{2150E333-8FDC-42A3-9474-1A3956D46DE8}") = "DI", "DI", "{BC055776-3123-4DF5-BBC4-9E1D69BE83F5}"
EndProject
Project("{2150E333-8FDC-42A3-9474-1A3956D46DE8}") = "Interfaces", "Interfaces", "{52B48BD6-F429-4453-B424-115F75AF4A6E}"
EndProject
Project("{2150E333-8FDC-42A3-9474-1A3956D46DE8}") = "Implementations", "Implementations", "{A3C7F499-4B08-4D89-B785-FDACBD786042}"
EndProject
Project("{2150E333-8FDC-42A3-9474-1A3956D46DE8}") = "Layer 1", "Layer 1", "{91F133F1-23E7-42E1-A4E0-097570FA94A4}"
EndProject
Project("{2150E333-8FDC-42A3-9474-1A3956D46DE8}") = "Layer 2", "Layer 2", "{9C467104-79ED-4C95-98BC-09292C9B857A}"
EndProject
Project("{2150E333-8FDC-42A3-9474-1A3956D46DE8}") = "Layer 3", "Layer 3", "{34591073-24ED-494B-B9D4-CD9E904FE668}"
EndProject
Project("{FAE04EC0-301F-11D3-BF4B-00C04F79EFBC}") = "Alstom.Libraries.Models", "Alstom.Libraries.Models\Alstom.Libraries.Models.csproj", "{6C297E78-CEE4-49AC-9C99-2E44A74F9428}"
EndProject
Project("{FAE04EC0-301F-11D3-BF4B-00C04F79EFBC}") = "Alstom.Libraries.DAL.Interfaces", "Alstom.Libraries.DAL.Interfaces\Alstom.Libraries.DAL.Interfaces.csproj", "{01E350E3-1F59-4B08-A949-F790C1492390}"
EndProject
Project("{FAE04EC0-301F-11D3-BF4B-00C04F79EFBC}") = "Alstom.Libraries.DAL.Impl", "Alstom.Libraries.DAL.Impl\Alstom.Libraries.DAL.Impl.csproj", "{05CFA0DD-2826-4E5C-BB81-1A765379E03B}"
EndProject
Project("{2150E333-8FDC-42A3-9474-1A3956D46DE8}") = "Tests", "Tests", "{E7F4F206-8D5C-46A9-BDFC-178ACA9BBD08}"
EndProject
Project("{FAE04EC0-301F-11D3-BF4B-00C04F79EFBC}") = "Alstom.Libraries.DAL.Impl.Tests", "Alstom.Libraries.DAL.Impl.Tests\Alstom.Libraries.DAL.Impl.Tests.csproj", "{520AF32F-505D-436A-878A-B969D1172B6B}"
EndProject
Project("{FAE04EC0-301F-11D3-BF4B-00C04F79EFBC}") = "Alstom.Libraries.Business.Interfaces", "Alstom.Libraries.Business.Interfaces\Alstom.Libraries.Business.Interfaces.csproj", "{E1684627-24C3-40FD-8D32-658B49E98D47}"
EndProject
Project("{FAE04EC0-301F-11D3-BF4B-00C04F79EFBC}") = "Alstom.Libraries.Business.Impl", "Alstom.Libraries.Business.Impl\Alstom.Libraries.Business.Impl.csproj", "{924E916E-6949-42A8-84B5-7161C7F508E6}"
EndProject
Project("{2150E333-8FDC-42A3-9474-1A3956D46DE8}") = "Tests", "Tests", "{B3E9175B-DF7C-4875-88B0-CEADBB7EA264}"
EndProject
Project("{FAE04EC0-301F-11D3-BF4B-00C04F79EFBC}") = "Alstom.Libraries.Business.Impl.Tests", "Alstom.Libraries.Business.Impl.Tests\Alstom.Libraries.Business.Impl.Tests.csproj", "{F39742C5-2B40-4B2A-931B-CB4E343AFF33}"
EndProject
Project("{FAE04EC0-301F-11D3-BF4B-00C04F79EFBC}") = "ProfessionalMVVMUI", "ProfessionalMVVMUI\ProfessionalMVVMUI.csproj", "{16D0AC73-082C-4BC1-8651-DA969E7F5270}"
EndProject
Project("{FAE04EC0-301F-11D3-BF4B-00C04F79EFBC}") = "Alstom.Libraries.UI.Framework", "Alstom.Libraries.UI.Framework\Alstom.Libraries.UI.Framework.csproj", "{17AD5783-7691-4F0A-936E-546FC6259F93}"
EndProject
Project("{FAE04EC0-301F-11D3-BF4B-00C04F79EFBC}") = "Alstom.Libraries.UI.Views", "Alstom.Libraries.UI.Views\Alstom.Libraries.UI.Views.csproj", "{311D7421-1337-49B0-88CB-D6A9BC7162E2}"
EndProject
Project("{2150E333-8FDC-42A3-9474-1A3956D46DE8}") = "Interfaces", "Interfaces", "{888D89BC-7BCD-4C51-AF98-F0502F466023}"
EndProject
Project("{2150E333-8FDC-42A3-9474-1A3956D46DE8}") = "Implementations", "Implementations", "{D810CCFE-9E78-4A18-8FF1-FFB2445E43AD}"
EndProject
Project("{FAE04EC0-301F-11D3-BF4B-00C04F79EFBC}") = "Alstom.Libraries.UI.ViewComponents", "Alstom.Libraries.UI.ViewComponents\Alstom.Libraries.UI.ViewComponents.csproj", "{8ACE9933-0F56-411A-A279-E52B7F643D12}"
EndProject
Project("{FAE04EC0-301F-11D3-BF4B-00C04F79EFBC}") = "Alstom.Libraries.UI.ViewModels.Interfaces", "Alstom.Libraries.UI.ViewModels.Interfaces\Alstom.Libraries.UI.ViewModels.Interfaces.csproj", "{D84137CF-7812-441C-8BBE-DBB30B5D55C2}"
EndProject
Project("{FAE04EC0-301F-11D3-BF4B-00C04F79EFBC}") = "Alstom.Libraries.UI.ViewModels.Impl", "Alstom.Libraries.UI.ViewModels.Impl\Alstom.Libraries.UI.ViewModels.Impl.csproj", "{EEBF4BC0-71CC-4EB2-BF21-11CC008BF33A}"
EndProject
Project("{2150E333-8FDC-42A3-9474-1A3956D46DE8}") = "Extensibility", "Extensibility", "{6F46475A-5092-45C1-B256-C4DE69DBEACA}"
EndProject
Project("{FAE04EC0-301F-11D3-BF4B-00C04F79EFBC}") = "Alstom.Libraries.DI.Interfaces", "Alstom.Libraries.DI.Interfaces\Alstom.Libraries.DI.Interfaces.csproj", "{50FEE64B-0032-4633-B6DE-2446902B84C8}"
EndProject
Project("{FAE04EC0-301F-11D3-BF4B-00C04F79EFBC}") = "Alstom.Libraries.DI.Impl", "Alstom.Libraries.DI.Impl\Alstom.Libraries.DI.Impl.csproj", "{A05CB63A-1071-4A47-94B9-102D94B5B73B}"
EndProject
Project("{FAE04EC0-301F-11D3-BF4B-00C04F79EFBC}") = "Alstom.Libraries.UI.Extensibility", "Alstom.Libraries.UI.Extensibility\Alstom.Libraries.UI.Extensibility.csproj", "{AA7E897F-992D-4F63-BE20-5B3D2357C4DC}"
EndProject
Project("{2150E333-8FDC-42A3-9474-1A3956D46DE8}") = "UI Services", "UI Services", "{256256DA-5235-4062-B258-A5770A17E588}"
EndProject
Project("{2150E333-8FDC-42A3-9474-1A3956D46DE8}") = "Interfaces", "Interfaces", "{FBF97AF2-A4E4-41D0-BEA8-8FCAC54AFB96}"
EndProject
Project("{2150E333-8FDC-42A3-9474-1A3956D46DE8}") = "Implementations", "Implementations", "{8361A504-E4EC-4000-A585-911764603DAC}"
EndProject
Project("{FAE04EC0-301F-11D3-BF4B-00C04F79EFBC}") = "Alstom.Libraries.UI.Services.Interfaces", "Alstom.Libraries.UI.Services.Interfaces\Alstom.Libraries.UI.Services.Interfaces.csproj", "{EAF5C177-B981-4857-9EF3-6B722DDA9EFB}"
EndProject
Project("{FAE04EC0-301F-11D3-BF4B-00C04F79EFBC}") = "Alstom.Libraries.UI.Services.Impl", "Alstom.Libraries.UI.Services.Impl\Alstom.Libraries.UI.Services.Impl.csproj", "{FE8DB6BF-F6DD-4D8B-8B0E-11BB1A0C8516}"
EndProject
Global
	GlobalSection(SolutionConfigurationPlatforms) = preSolution
		Debug|Any CPU = Debug|Any CPU
		Release|Any CPU = Release|Any CPU
	EndGlobalSection
	GlobalSection(ProjectConfigurationPlatforms) = postSolution
		{6C297E78-CEE4-49AC-9C99-2E44A74F9428}.Debug|Any CPU.ActiveCfg = Debug|Any CPU
		{6C297E78-CEE4-49AC-9C99-2E44A74F9428}.Debug|Any CPU.Build.0 = Debug|Any CPU
		{6C297E78-CEE4-49AC-9C99-2E44A74F9428}.Release|Any CPU.ActiveCfg = Release|Any CPU
		{6C297E78-CEE4-49AC-9C99-2E44A74F9428}.Release|Any CPU.Build.0 = Release|Any CPU
		{01E350E3-1F59-4B08-A949-F790C1492390}.Debug|Any CPU.ActiveCfg = Debug|Any CPU
		{01E350E3-1F59-4B08-A949-F790C1492390}.Debug|Any CPU.Build.0 = Debug|Any CPU
		{01E350E3-1F59-4B08-A949-F790C1492390}.Release|Any CPU.ActiveCfg = Release|Any CPU
		{01E350E3-1F59-4B08-A949-F790C1492390}.Release|Any CPU.Build.0 = Release|Any CPU
		{05CFA0DD-2826-4E5C-BB81-1A765379E03B}.Debug|Any CPU.ActiveCfg = Debug|Any CPU
		{05CFA0DD-2826-4E5C-BB81-1A765379E03B}.Debug|Any CPU.Build.0 = Debug|Any CPU
		{05CFA0DD-2826-4E5C-BB81-1A765379E03B}.Release|Any CPU.ActiveCfg = Release|Any CPU
		{05CFA0DD-2826-4E5C-BB81-1A765379E03B}.Release|Any CPU.Build.0 = Release|Any CPU
		{520AF32F-505D-436A-878A-B969D1172B6B}.Debug|Any CPU.ActiveCfg = Debug|Any CPU
		{520AF32F-505D-436A-878A-B969D1172B6B}.Debug|Any CPU.Build.0 = Debug|Any CPU
		{520AF32F-505D-436A-878A-B969D1172B6B}.Release|Any CPU.ActiveCfg = Release|Any CPU
		{520AF32F-505D-436A-878A-B969D1172B6B}.Release|Any CPU.Build.0 = Release|Any CPU
		{E1684627-24C3-40FD-8D32-658B49E98D47}.Debug|Any CPU.ActiveCfg = Debug|Any CPU
		{E1684627-24C3-40FD-8D32-658B49E98D47}.Debug|Any CPU.Build.0 = Debug|Any CPU
		{E1684627-24C3-40FD-8D32-658B49E98D47}.Release|Any CPU.ActiveCfg = Release|Any CPU
		{E1684627-24C3-40FD-8D32-658B49E98D47}.Release|Any CPU.Build.0 = Release|Any CPU
		{924E916E-6949-42A8-84B5-7161C7F508E6}.Debug|Any CPU.ActiveCfg = Debug|Any CPU
		{924E916E-6949-42A8-84B5-7161C7F508E6}.Debug|Any CPU.Build.0 = Debug|Any CPU
		{924E916E-6949-42A8-84B5-7161C7F508E6}.Release|Any CPU.ActiveCfg = Release|Any CPU
		{924E916E-6949-42A8-84B5-7161C7F508E6}.Release|Any CPU.Build.0 = Release|Any CPU
		{F39742C5-2B40-4B2A-931B-CB4E343AFF33}.Debug|Any CPU.ActiveCfg = Debug|Any CPU
		{F39742C5-2B40-4B2A-931B-CB4E343AFF33}.Debug|Any CPU.Build.0 = Debug|Any CPU
		{F39742C5-2B40-4B2A-931B-CB4E343AFF33}.Release|Any CPU.ActiveCfg = Release|Any CPU
		{F39742C5-2B40-4B2A-931B-CB4E343AFF33}.Release|Any CPU.Build.0 = Release|Any CPU
		{16D0AC73-082C-4BC1-8651-DA969E7F5270}.Debug|Any CPU.ActiveCfg = Debug|Any CPU
		{16D0AC73-082C-4BC1-8651-DA969E7F5270}.Debug|Any CPU.Build.0 = Debug|Any CPU
		{16D0AC73-082C-4BC1-8651-DA969E7F5270}.Release|Any CPU.ActiveCfg = Release|Any CPU
		{16D0AC73-082C-4BC1-8651-DA969E7F5270}.Release|Any CPU.Build.0 = Release|Any CPU
		{17AD5783-7691-4F0A-936E-546FC6259F93}.Debug|Any CPU.ActiveCfg = Debug|Any CPU
		{17AD5783-7691-4F0A-936E-546FC6259F93}.Debug|Any CPU.Build.0 = Debug|Any CPU
		{17AD5783-7691-4F0A-936E-546FC6259F93}.Release|Any CPU.ActiveCfg = Release|Any CPU
		{17AD5783-7691-4F0A-936E-546FC6259F93}.Release|Any CPU.Build.0 = Release|Any CPU
		{311D7421-1337-49B0-88CB-D6A9BC7162E2}.Debug|Any CPU.ActiveCfg = Debug|Any CPU
		{311D7421-1337-49B0-88CB-D6A9BC7162E2}.Debug|Any CPU.Build.0 = Debug|Any CPU
		{311D7421-1337-49B0-88CB-D6A9BC7162E2}.Release|Any CPU.ActiveCfg = Release|Any CPU
		{311D7421-1337-49B0-88CB-D6A9BC7162E2}.Release|Any CPU.Build.0 = Release|Any CPU
		{8ACE9933-0F56-411A-A279-E52B7F643D12}.Debug|Any CPU.ActiveCfg = Debug|Any CPU
		{8ACE9933-0F56-411A-A279-E52B7F643D12}.Debug|Any CPU.Build.0 = Debug|Any CPU
		{8ACE9933-0F56-411A-A279-E52B7F643D12}.Release|Any CPU.ActiveCfg = Release|Any CPU
		{8ACE9933-0F56-411A-A279-E52B7F643D12}.Release|Any CPU.Build.0 = Release|Any CPU
		{D84137CF-7812-441C-8BBE-DBB30B5D55C2}.Debug|Any CPU.ActiveCfg = Debug|Any CPU
		{D84137CF-7812-441C-8BBE-DBB30B5D55C2}.Debug|Any CPU.Build.0 = Debug|Any CPU
		{D84137CF-7812-441C-8BBE-DBB30B5D55C2}.Release|Any CPU.ActiveCfg = Release|Any CPU
		{D84137CF-7812-441C-8BBE-DBB30B5D55C2}.Release|Any CPU.Build.0 = Release|Any CPU
		{EEBF4BC0-71CC-4EB2-BF21-11CC008BF33A}.Debug|Any CPU.ActiveCfg = Debug|Any CPU
		{EEBF4BC0-71CC-4EB2-BF21-11CC008BF33A}.Debug|Any CPU.Build.0 = Debug|Any CPU
		{EEBF4BC0-71CC-4EB2-BF21-11CC008BF33A}.Release|Any CPU.ActiveCfg = Release|Any CPU
		{EEBF4BC0-71CC-4EB2-BF21-11CC008BF33A}.Release|Any CPU.Build.0 = Release|Any CPU
		{50FEE64B-0032-4633-B6DE-2446902B84C8}.Debug|Any CPU.ActiveCfg = Debug|Any CPU
		{50FEE64B-0032-4633-B6DE-2446902B84C8}.Debug|Any CPU.Build.0 = Debug|Any CPU
		{50FEE64B-0032-4633-B6DE-2446902B84C8}.Release|Any CPU.ActiveCfg = Release|Any CPU
		{50FEE64B-0032-4633-B6DE-2446902B84C8}.Release|Any CPU.Build.0 = Release|Any CPU
		{A05CB63A-1071-4A47-94B9-102D94B5B73B}.Debug|Any CPU.ActiveCfg = Debug|Any CPU
		{A05CB63A-1071-4A47-94B9-102D94B5B73B}.Debug|Any CPU.Build.0 = Debug|Any CPU
		{A05CB63A-1071-4A47-94B9-102D94B5B73B}.Release|Any CPU.ActiveCfg = Release|Any CPU
		{A05CB63A-1071-4A47-94B9-102D94B5B73B}.Release|Any CPU.Build.0 = Release|Any CPU
		{AA7E897F-992D-4F63-BE20-5B3D2357C4DC}.Debug|Any CPU.ActiveCfg = Debug|Any CPU
		{AA7E897F-992D-4F63-BE20-5B3D2357C4DC}.Debug|Any CPU.Build.0 = Debug|Any CPU
		{AA7E897F-992D-4F63-BE20-5B3D2357C4DC}.Release|Any CPU.ActiveCfg = Release|Any CPU
		{AA7E897F-992D-4F63-BE20-5B3D2357C4DC}.Release|Any CPU.Build.0 = Release|Any CPU
		{EAF5C177-B981-4857-9EF3-6B722DDA9EFB}.Debug|Any CPU.ActiveCfg = Debug|Any CPU
		{EAF5C177-B981-4857-9EF3-6B722DDA9EFB}.Debug|Any CPU.Build.0 = Debug|Any CPU
		{EAF5C177-B981-4857-9EF3-6B722DDA9EFB}.Release|Any CPU.ActiveCfg = Release|Any CPU
		{EAF5C177-B981-4857-9EF3-6B722DDA9EFB}.Release|Any CPU.Build.0 = Release|Any CPU
		{FE8DB6BF-F6DD-4D8B-8B0E-11BB1A0C8516}.Debug|Any CPU.ActiveCfg = Debug|Any CPU
		{FE8DB6BF-F6DD-4D8B-8B0E-11BB1A0C8516}.Debug|Any CPU.Build.0 = Debug|Any CPU
		{FE8DB6BF-F6DD-4D8B-8B0E-11BB1A0C8516}.Release|Any CPU.ActiveCfg = Release|Any CPU
		{FE8DB6BF-F6DD-4D8B-8B0E-11BB1A0C8516}.Release|Any CPU.Build.0 = Release|Any CPU
	EndGlobalSection
	GlobalSection(SolutionProperties) = preSolution
		HideSolutionNode = FALSE
	EndGlobalSection
	GlobalSection(NestedProjects) = preSolution
		{DCB0ED39-7D3C-4A13-A6DD-3119310929DB} = {684B0D09-FEA9-4D20-947A-12D9075719F1}
		{00E7BAB7-378F-47EE-903A-97417C3D977E} = {91F133F1-23E7-42E1-A4E0-097570FA94A4}
		{DB51051C-CC06-4EA1-8664-1D7B375311B7} = {00E7BAB7-378F-47EE-903A-97417C3D977E}
		{3640ED83-0AB6-46AB-933D-2B1F772129AF} = {00E7BAB7-378F-47EE-903A-97417C3D977E}
		{2B882D80-6B51-44AC-B828-987DC77BE544} = {9C467104-79ED-4C95-98BC-09292C9B857A}
		{05947F7D-9AF8-465C-A8FE-25DCCFBB6AAE} = {2B882D80-6B51-44AC-B828-987DC77BE544}
		{6CD75826-A297-4AB1-98A9-0AF1F47CFB36} = {2B882D80-6B51-44AC-B828-987DC77BE544}
		{B534441C-6D5D-4C95-98D5-FAD0740AC6F6} = {34591073-24ED-494B-B9D4-CD9E904FE668}
		{39D7C464-9617-4E41-A91A-CFD2911C66B1} = {B534441C-6D5D-4C95-98D5-FAD0740AC6F6}
		{8634E4DA-F5D7-4881-A622-2CE31A146E55} = {B534441C-6D5D-4C95-98D5-FAD0740AC6F6}
		{8149C7C1-0C41-4FF8-A26F-D51A24CB1A0B} = {B534441C-6D5D-4C95-98D5-FAD0740AC6F6}
		{1114DB9F-76ED-4D03-B591-31E100765DC1} = {B534441C-6D5D-4C95-98D5-FAD0740AC6F6}
		{CD02E8E2-AD7D-4136-A85F-14B874CA283D} = {B534441C-6D5D-4C95-98D5-FAD0740AC6F6}
		{BC055776-3123-4DF5-BBC4-9E1D69BE83F5} = {684B0D09-FEA9-4D20-947A-12D9075719F1}
		{52B48BD6-F429-4453-B424-115F75AF4A6E} = {BC055776-3123-4DF5-BBC4-9E1D69BE83F5}
		{A3C7F499-4B08-4D89-B785-FDACBD786042} = {BC055776-3123-4DF5-BBC4-9E1D69BE83F5}
		{6C297E78-CEE4-49AC-9C99-2E44A74F9428} = {DCB0ED39-7D3C-4A13-A6DD-3119310929DB}
		{01E350E3-1F59-4B08-A949-F790C1492390} = {DB51051C-CC06-4EA1-8664-1D7B375311B7}
		{05CFA0DD-2826-4E5C-BB81-1A765379E03B} = {3640ED83-0AB6-46AB-933D-2B1F772129AF}
		{E7F4F206-8D5C-46A9-BDFC-178ACA9BBD08} = {3640ED83-0AB6-46AB-933D-2B1F772129AF}
		{520AF32F-505D-436A-878A-B969D1172B6B} = {E7F4F206-8D5C-46A9-BDFC-178ACA9BBD08}
		{E1684627-24C3-40FD-8D32-658B49E98D47} = {05947F7D-9AF8-465C-A8FE-25DCCFBB6AAE}
		{924E916E-6949-42A8-84B5-7161C7F508E6} = {6CD75826-A297-4AB1-98A9-0AF1F47CFB36}
		{B3E9175B-DF7C-4875-88B0-CEADBB7EA264} = {6CD75826-A297-4AB1-98A9-0AF1F47CFB36}
		{F39742C5-2B40-4B2A-931B-CB4E343AFF33} = {B3E9175B-DF7C-4875-88B0-CEADBB7EA264}
		{16D0AC73-082C-4BC1-8651-DA969E7F5270} = {1114DB9F-76ED-4D03-B591-31E100765DC1}
		{17AD5783-7691-4F0A-936E-546FC6259F93} = {39D7C464-9617-4E41-A91A-CFD2911C66B1}
		{311D7421-1337-49B0-88CB-D6A9BC7162E2} = {8149C7C1-0C41-4FF8-A26F-D51A24CB1A0B}
		{888D89BC-7BCD-4C51-AF98-F0502F466023} = {CD02E8E2-AD7D-4136-A85F-14B874CA283D}
		{D810CCFE-9E78-4A18-8FF1-FFB2445E43AD} = {CD02E8E2-AD7D-4136-A85F-14B874CA283D}
		{8ACE9933-0F56-411A-A279-E52B7F643D12} = {8634E4DA-F5D7-4881-A622-2CE31A146E55}
		{D84137CF-7812-441C-8BBE-DBB30B5D55C2} = {888D89BC-7BCD-4C51-AF98-F0502F466023}
		{EEBF4BC0-71CC-4EB2-BF21-11CC008BF33A} = {D810CCFE-9E78-4A18-8FF1-FFB2445E43AD}
		{6F46475A-5092-45C1-B256-C4DE69DBEACA} = {B534441C-6D5D-4C95-98D5-FAD0740AC6F6}
		{50FEE64B-0032-4633-B6DE-2446902B84C8} = {52B48BD6-F429-4453-B424-115F75AF4A6E}
		{A05CB63A-1071-4A47-94B9-102D94B5B73B} = {A3C7F499-4B08-4D89-B785-FDACBD786042}
		{AA7E897F-992D-4F63-BE20-5B3D2357C4DC} = {6F46475A-5092-45C1-B256-C4DE69DBEACA}
		{256256DA-5235-4062-B258-A5770A17E588} = {B534441C-6D5D-4C95-98D5-FAD0740AC6F6}
		{FBF97AF2-A4E4-41D0-BEA8-8FCAC54AFB96} = {256256DA-5235-4062-B258-A5770A17E588}
		{8361A504-E4EC-4000-A585-911764603DAC} = {256256DA-5235-4062-B258-A5770A17E588}
		{EAF5C177-B981-4857-9EF3-6B722DDA9EFB} = {FBF97AF2-A4E4-41D0-BEA8-8FCAC54AFB96}
		{FE8DB6BF-F6DD-4D8B-8B0E-11BB1A0C8516} = {8361A504-E4EC-4000-A585-911764603DAC}
	EndGlobalSection
	GlobalSection(ExtensibilityGlobals) = postSolution
		SolutionGuid = {3C856ADA-DF38-4761-B1F0-4A94FFF241E4}
	EndGlobalSection
EndGlobal
